
Microsoft Visual Studio Solution File, Format Version 12.00
# Visual Studio Version 17
VisualStudioVersion = 17.1.32328.378
MinimumVisualStudioVersion = 10.0.40219.1
Project("{FAE04EC0-301F-11D3-BF4B-00C04F79EFBC}") = "SALab2.1", "SALab2.1\SALab2.1.csproj", "{7C68287F-48FB-4A4D-A235-21B5C2DE9488}"
EndProject
Project("{FAE04EC0-301F-11D3-BF4B-00C04F79EFBC}") = "DAL", "DAL\DAL.csproj", "{5DE64883-9859-415C-8C0E-A7F67B157E26}"
EndProject
Global
	GlobalSection(SolutionConfigurationPlatforms) = preSolution
		Debug|Any CPU = Debug|Any CPU
		Release|Any CPU = Release|Any CPU
	EndGlobalSection
	GlobalSection(ProjectConfigurationPlatforms) = postSolution
		{7C68287F-48FB-4A4D-A235-21B5C2DE9488}.Debug|Any CPU.ActiveCfg = Debug|Any CPU
		{7C68287F-48FB-4A4D-A235-21B5C2DE9488}.Debug|Any CPU.Build.0 = Debug|Any CPU
		{7C68287F-48FB-4A4D-A235-21B5C2DE9488}.Release|Any CPU.ActiveCfg = Release|Any CPU
		{7C68287F-48FB-4A4D-A235-21B5C2DE9488}.Release|Any CPU.Build.0 = Release|Any CPU
		{5DE64883-9859-415C-8C0E-A7F67B157E26}.Debug|Any CPU.ActiveCfg = Debug|Any CPU
		{5DE64883-9859-415C-8C0E-A7F67B157E26}.Debug|Any CPU.Build.0 = Debug|Any CPU
		{5DE64883-9859-415C-8C0E-A7F67B157E26}.Release|Any CPU.ActiveCfg = Release|Any CPU
		{5DE64883-9859-415C-8C0E-A7F67B157E26}.Release|Any CPU.Build.0 = Release|Any CPU
	EndGlobalSection
	GlobalSection(SolutionProperties) = preSolution
		HideSolutionNode = FALSE
	EndGlobalSection
	GlobalSection(ExtensibilityGlobals) = postSolution
		SolutionGuid = {260DBC69-C37B-4E4D-98AC-660DB6CDAEC6}
	EndGlobalSection
EndGlobal
