
Microsoft Visual Studio Solution File, Format Version 12.00
# Visual Studio Version 17
VisualStudioVersion = 17.1.32328.378
MinimumVisualStudioVersion = 10.0.40219.1
Project("{9A19103F-16F7-4668-BE54-9A1E7A4F7556}") = "SALab2.1", "SALab2.1\SALab2.1.csproj", "{7C68287F-48FB-4A4D-A235-21B5C2DE9488}"
EndProject
Project("{9A19103F-16F7-4668-BE54-9A1E7A4F7556}") = "DAL", "DAL\DAL.csproj", "{5DE64883-9859-415C-8C0E-A7F67B157E26}"
EndProject
Project("{9A19103F-16F7-4668-BE54-9A1E7A4F7556}") = "BLL", "BLL\BLL.csproj", "{7C8F2CBB-D464-4216-AF73-0D5351F5C6D4}"
	ProjectSection(ProjectDependencies) = postProject
		{5DE64883-9859-415C-8C0E-A7F67B157E26} = {5DE64883-9859-415C-8C0E-A7F67B157E26}
	EndProjectSection
EndProject
Project("{FAE04EC0-301F-11D3-BF4B-00C04F79EFBC}") = "Models", "Models\Models.csproj", "{58C1BF61-1108-4554-9DE7-8726738B4D5E}"
EndProject
Project("{FAE04EC0-301F-11D3-BF4B-00C04F79EFBC}") = "Mappers", "Mapper\Mappers.csproj", "{2CE2C223-2149-47AE-9A72-F94D6E1A0E35}"
EndProject
Project("{FAE04EC0-301F-11D3-BF4B-00C04F79EFBC}") = "DTO", "DTO\DTO.csproj", "{79258643-2827-43F9-B3F3-2DC9AD182862}"
EndProject
Project("{FAE04EC0-301F-11D3-BF4B-00C04F79EFBC}") = "ViewModels", "ViewModels\ViewModels.csproj", "{8E035969-9042-4B80-B249-90560D056F45}"
EndProject
Project("{FAE04EC0-301F-11D3-BF4B-00C04F79EFBC}") = "Services", "Services\Services.csproj", "{BFAEFAA5-04BA-4097-A29B-F6A6CBE2DAA3}"
EndProject
Project("{FAE04EC0-301F-11D3-BF4B-00C04F79EFBC}") = "Exceptions", "Exceptions\Exceptions.csproj", "{420E6056-2244-4EFB-860A-96DB9C2BD424}"
EndProject
Project("{FAE04EC0-301F-11D3-BF4B-00C04F79EFBC}") = "Repositories", "Repositories\Repositories.csproj", "{F30FB046-E9E9-489E-88FD-ECDFD49F5E6A}"
EndProject
Project("{FAE04EC0-301F-11D3-BF4B-00C04F79EFBC}") = "UoW", "UoW\UoW.csproj", "{8FE49DDC-67D4-45E9-9742-8B99AF315D1F}"
EndProject
Global
	GlobalSection(SolutionConfigurationPlatforms) = preSolution
		Debug|Any CPU = Debug|Any CPU
		Release|Any CPU = Release|Any CPU
	EndGlobalSection
	GlobalSection(ProjectConfigurationPlatforms) = postSolution
		{7C68287F-48FB-4A4D-A235-21B5C2DE9488}.Debug|Any CPU.ActiveCfg = Debug|Any CPU
		{7C68287F-48FB-4A4D-A235-21B5C2DE9488}.Debug|Any CPU.Build.0 = Debug|Any CPU
		{7C68287F-48FB-4A4D-A235-21B5C2DE9488}.Release|Any CPU.ActiveCfg = Release|Any CPU
		{7C68287F-48FB-4A4D-A235-21B5C2DE9488}.Release|Any CPU.Build.0 = Release|Any CPU
		{5DE64883-9859-415C-8C0E-A7F67B157E26}.Debug|Any CPU.ActiveCfg = Debug|Any CPU
		{5DE64883-9859-415C-8C0E-A7F67B157E26}.Debug|Any CPU.Build.0 = Debug|Any CPU
		{5DE64883-9859-415C-8C0E-A7F67B157E26}.Release|Any CPU.ActiveCfg = Release|Any CPU
		{5DE64883-9859-415C-8C0E-A7F67B157E26}.Release|Any CPU.Build.0 = Release|Any CPU
		{7C8F2CBB-D464-4216-AF73-0D5351F5C6D4}.Debug|Any CPU.ActiveCfg = Debug|Any CPU
		{7C8F2CBB-D464-4216-AF73-0D5351F5C6D4}.Debug|Any CPU.Build.0 = Debug|Any CPU
		{7C8F2CBB-D464-4216-AF73-0D5351F5C6D4}.Release|Any CPU.ActiveCfg = Release|Any CPU
		{7C8F2CBB-D464-4216-AF73-0D5351F5C6D4}.Release|Any CPU.Build.0 = Release|Any CPU
		{58C1BF61-1108-4554-9DE7-8726738B4D5E}.Debug|Any CPU.ActiveCfg = Debug|Any CPU
		{58C1BF61-1108-4554-9DE7-8726738B4D5E}.Debug|Any CPU.Build.0 = Debug|Any CPU
		{58C1BF61-1108-4554-9DE7-8726738B4D5E}.Release|Any CPU.ActiveCfg = Release|Any CPU
		{58C1BF61-1108-4554-9DE7-8726738B4D5E}.Release|Any CPU.Build.0 = Release|Any CPU
		{2CE2C223-2149-47AE-9A72-F94D6E1A0E35}.Debug|Any CPU.ActiveCfg = Debug|Any CPU
		{2CE2C223-2149-47AE-9A72-F94D6E1A0E35}.Debug|Any CPU.Build.0 = Debug|Any CPU
		{2CE2C223-2149-47AE-9A72-F94D6E1A0E35}.Release|Any CPU.ActiveCfg = Release|Any CPU
		{2CE2C223-2149-47AE-9A72-F94D6E1A0E35}.Release|Any CPU.Build.0 = Release|Any CPU
		{79258643-2827-43F9-B3F3-2DC9AD182862}.Debug|Any CPU.ActiveCfg = Debug|Any CPU
		{79258643-2827-43F9-B3F3-2DC9AD182862}.Debug|Any CPU.Build.0 = Debug|Any CPU
		{79258643-2827-43F9-B3F3-2DC9AD182862}.Release|Any CPU.ActiveCfg = Release|Any CPU
		{79258643-2827-43F9-B3F3-2DC9AD182862}.Release|Any CPU.Build.0 = Release|Any CPU
		{8E035969-9042-4B80-B249-90560D056F45}.Debug|Any CPU.ActiveCfg = Debug|Any CPU
		{8E035969-9042-4B80-B249-90560D056F45}.Debug|Any CPU.Build.0 = Debug|Any CPU
		{8E035969-9042-4B80-B249-90560D056F45}.Release|Any CPU.ActiveCfg = Release|Any CPU
		{8E035969-9042-4B80-B249-90560D056F45}.Release|Any CPU.Build.0 = Release|Any CPU
		{BFAEFAA5-04BA-4097-A29B-F6A6CBE2DAA3}.Debug|Any CPU.ActiveCfg = Debug|Any CPU
		{BFAEFAA5-04BA-4097-A29B-F6A6CBE2DAA3}.Debug|Any CPU.Build.0 = Debug|Any CPU
		{BFAEFAA5-04BA-4097-A29B-F6A6CBE2DAA3}.Release|Any CPU.ActiveCfg = Release|Any CPU
		{BFAEFAA5-04BA-4097-A29B-F6A6CBE2DAA3}.Release|Any CPU.Build.0 = Release|Any CPU
		{420E6056-2244-4EFB-860A-96DB9C2BD424}.Debug|Any CPU.ActiveCfg = Debug|Any CPU
		{420E6056-2244-4EFB-860A-96DB9C2BD424}.Debug|Any CPU.Build.0 = Debug|Any CPU
		{420E6056-2244-4EFB-860A-96DB9C2BD424}.Release|Any CPU.ActiveCfg = Release|Any CPU
		{420E6056-2244-4EFB-860A-96DB9C2BD424}.Release|Any CPU.Build.0 = Release|Any CPU
		{F30FB046-E9E9-489E-88FD-ECDFD49F5E6A}.Debug|Any CPU.ActiveCfg = Debug|Any CPU
		{F30FB046-E9E9-489E-88FD-ECDFD49F5E6A}.Debug|Any CPU.Build.0 = Debug|Any CPU
		{F30FB046-E9E9-489E-88FD-ECDFD49F5E6A}.Release|Any CPU.ActiveCfg = Release|Any CPU
		{F30FB046-E9E9-489E-88FD-ECDFD49F5E6A}.Release|Any CPU.Build.0 = Release|Any CPU
		{8FE49DDC-67D4-45E9-9742-8B99AF315D1F}.Debug|Any CPU.ActiveCfg = Debug|Any CPU
		{8FE49DDC-67D4-45E9-9742-8B99AF315D1F}.Debug|Any CPU.Build.0 = Debug|Any CPU
		{8FE49DDC-67D4-45E9-9742-8B99AF315D1F}.Release|Any CPU.ActiveCfg = Release|Any CPU
		{8FE49DDC-67D4-45E9-9742-8B99AF315D1F}.Release|Any CPU.Build.0 = Release|Any CPU
	EndGlobalSection
	GlobalSection(SolutionProperties) = preSolution
		HideSolutionNode = FALSE
	EndGlobalSection
	GlobalSection(ExtensibilityGlobals) = postSolution
		SolutionGuid = {260DBC69-C37B-4E4D-98AC-660DB6CDAEC6}
	EndGlobalSection
EndGlobal
